
Microsoft Visual Studio Solution File, Format Version 12.00
# Visual Studio Version 17
VisualStudioVersion = 17.7.34031.279
MinimumVisualStudioVersion = 10.0.40219.1
Project("{9A19103F-16F7-4668-BE54-9A1E7A4F7556}") = "Assignment", "Assignment\Assignment.csproj", "{9BCFFBC8-7ECE-4CF1-842F-4F9F2DDDBE26}"
EndProject
Project("{2150E333-8FDC-42A3-9474-1A3956D46DE8}") = "Services", "Services", "{0E7EC4C7-FC89-4673-A11D-470F321FBEEA}"
	ProjectSection(SolutionItems) = preProject
		TblItemService.cs = TblItemService.cs
	EndProjectSection
EndProject
Global
	GlobalSection(SolutionConfigurationPlatforms) = preSolution
		Debug|Any CPU = Debug|Any CPU
		Release|Any CPU = Release|Any CPU
	EndGlobalSection
	GlobalSection(ProjectConfigurationPlatforms) = postSolution
		{9BCFFBC8-7ECE-4CF1-842F-4F9F2DDDBE26}.Debug|Any CPU.ActiveCfg = Debug|Any CPU
		{9BCFFBC8-7ECE-4CF1-842F-4F9F2DDDBE26}.Debug|Any CPU.Build.0 = Debug|Any CPU
		{9BCFFBC8-7ECE-4CF1-842F-4F9F2DDDBE26}.Release|Any CPU.ActiveCfg = Release|Any CPU
		{9BCFFBC8-7ECE-4CF1-842F-4F9F2DDDBE26}.Release|Any CPU.Build.0 = Release|Any CPU
	EndGlobalSection
	GlobalSection(SolutionProperties) = preSolution
		HideSolutionNode = FALSE
	EndGlobalSection
	GlobalSection(ExtensibilityGlobals) = postSolution
		SolutionGuid = {713E3578-8121-46CB-B7A7-D0CDA23BF270}
	EndGlobalSection
EndGlobal
